{
  "version": 4,
  "terraform_version": "0.15.4",
  "serial": 884,
  "lineage": "ea8e104e-a2d4-e562-c3f7-5897b5800a6f",
  "outputs": {},
  "resources": [
    {
      "mode": "data",
      "type": "aci_application_epg",
      "name": "k8s_cluster_epg",
      "provider": "provider[\"registry.terraform.io/ciscodevnet/aci\"]",
      "instances": [
        {
          "schema_version": 0,
          "attributes": {
            "annotation": "",
            "application_profile_dn": "",
            "description": "",
            "exception_tag": "",
            "flood_on_encap": "disabled",
            "fwd_ctrl": "",
            "has_mcast_source": "no",
            "id": "uni/tn-CCC-MD/ap-CCC50/epg-CCC-MGMT",
            "is_attr_based_epg": "no",
            "match_t": "AtleastOne",
            "name": "CCC-MGMT",
            "name_alias": "",
            "pc_enf_pref": "unenforced",
            "pref_gr_memb": "exclude",
            "prio": "unspecified",
            "shutdown": "no"
          },
          "sensitive_attributes": []
        }
      ]
    },
    {
      "mode": "data",
      "type": "aci_application_profile",
      "name": "k8s_cluster_ap",
      "provider": "provider[\"registry.terraform.io/ciscodevnet/aci\"]",
      "instances": [
        {
          "schema_version": 0,
          "attributes": {
            "annotation": "",
            "description": "",
            "id": "uni/tn-CCC-MD/ap-CCC50",
            "name": "CCC50",
            "name_alias": "",
            "prio": "unspecified",
            "tenant_dn": ""
          },
          "sensitive_attributes": []
        }
      ]
    },
    {
      "mode": "data",
      "type": "aci_tenant",
      "name": "k8s_cluster_tenant",
      "provider": "provider[\"registry.terraform.io/ciscodevnet/aci\"]",
      "instances": [
        {
          "schema_version": 0,
          "attributes": {
            "annotation": "",
            "description": "",
            "id": "uni/tn-CCC-MD",
            "name": "CCC-MD",
            "name_alias": ""
          },
          "sensitive_attributes": []
        }
      ]
    },
    {
      "mode": "data",
      "type": "external",
      "name": "secrets",
      "provider": "provider[\"registry.terraform.io/hashicorp/external\"]",
      "instances": [
        {
          "schema_version": 0,
          "attributes": {
            "id": "-",
            "program": [
              "cat",
              "secrets.json"
            ],
            "query": null,
            "result": {
              "aci_password": "Passw0rd.",
              "aci_username": "admin",
              "appd_access_key": "",
              "vsphere_password": "Passw0rd.",
              "vsphere_username": "administrator@vsphere.local"
            },
            "working_dir": null
          },
          "sensitive_attributes": []
        }
      ]
    },
    {
      "mode": "data",
      "type": "vsphere_compute_cluster",
      "name": "cluster",
      "provider": "provider[\"registry.terraform.io/hashicorp/vsphere\"]",
      "instances": [
        {
          "schema_version": 0,
          "attributes": {
            "datacenter_id": "datacenter-2",
            "id": "domain-c80",
            "name": "HXevent",
            "resource_pool_id": "resgroup-81"
          },
          "sensitive_attributes": []
        }
      ]
    },
    {
      "mode": "data",
      "type": "vsphere_datacenter",
      "name": "dc",
      "provider": "provider[\"registry.terraform.io/hashicorp/vsphere\"]",
      "instances": [
        {
          "schema_version": 0,
          "attributes": {
            "id": "datacenter-2",
            "name": "DCEvent"
          },
          "sensitive_attributes": []
        }
      ]
    },
    {
      "mode": "data",
      "type": "vsphere_datastore",
      "name": "datastore",
      "provider": "provider[\"registry.terraform.io/hashicorp/vsphere\"]",
      "instances": [
        {
          "schema_version": 0,
          "attributes": {
            "datacenter_id": "datacenter-2",
            "id": "datastore-99",
            "name": "Event_Datastore1"
          },
          "sensitive_attributes": []
        }
      ]
    },
    {
      "mode": "data",
      "type": "vsphere_network",
      "name": "network",
      "provider": "provider[\"registry.terraform.io/hashicorp/vsphere\"]",
      "instances": [
        {
          "schema_version": 0,
          "attributes": {
            "datacenter_id": "datacenter-2",
            "distributed_virtual_switch_uuid": null,
            "id": "dvportgroup-267",
            "name": "dzza-test-app1|DZZA_demo_app|databases",
            "type": "DistributedVirtualPortgroup"
          },
          "sensitive_attributes": []
        }
      ]
    },
    {
      "mode": "data",
      "type": "vsphere_virtual_machine",
      "name": "mongodb_template",
      "provider": "provider[\"registry.terraform.io/hashicorp/vsphere\"]",
      "instances": [
        {
          "schema_version": 0,
          "attributes": {
            "alternate_guest_name": "",
            "annotation": "",
            "boot_delay": 0,
            "boot_retry_delay": 10000,
            "boot_retry_enabled": false,
            "change_version": "2021-06-11T07:04:50.105647Z",
            "cpu_hot_add_enabled": false,
            "cpu_hot_remove_enabled": false,
            "cpu_limit": -1,
            "cpu_performance_counters_enabled": false,
            "cpu_reservation": 0,
            "cpu_share_count": 2000,
            "cpu_share_level": "normal",
            "datacenter_id": "datacenter-2",
            "disks": [
              {
                "eagerly_scrub": true,
                "label": "Hard disk 1",
                "size": 32,
                "thin_provisioned": false,
                "unit_number": 0
              }
            ],
            "efi_secure_boot_enabled": true,
            "enable_disk_uuid": false,
            "enable_logging": true,
            "ept_rvi_mode": "automatic",
            "extra_config": {},
            "firmware": "efi",
            "guest_id": "centos8_64Guest",
            "guest_ip_addresses": [],
            "hardware_version": 14,
            "hv_mode": "hvAuto",
            "id": "422fb0cc-ca4c-ef88-c3ee-af53760e46e4",
            "ide_controller_scan_count": 2,
            "latency_sensitivity": "normal",
            "memory": 2048,
            "memory_hot_add_enabled": false,
            "memory_limit": -1,
            "memory_reservation": 0,
            "memory_share_count": 20480,
            "memory_share_level": "normal",
            "name": "CentOS8-MongoDB-Template",
            "nested_hv_enabled": false,
            "network_interface_types": [
              "vmxnet3"
            ],
            "num_cores_per_socket": 1,
            "num_cpus": 2,
            "run_tools_scripts_after_power_on": true,
            "run_tools_scripts_after_resume": true,
            "run_tools_scripts_before_guest_reboot": false,
            "run_tools_scripts_before_guest_shutdown": true,
            "run_tools_scripts_before_guest_standby": true,
            "sata_controller_scan_count": 0,
            "scsi_bus_sharing": "noSharing",
            "scsi_controller_scan_count": 1,
            "scsi_type": "pvscsi",
            "storage_policy_id": null,
            "swap_placement_policy": "inherit",
            "sync_time_with_host": false,
            "uuid": "422fb0cc-ca4c-ef88-c3ee-af53760e46e4",
            "vapp": null,
            "vapp_transport": []
          },
          "sensitive_attributes": []
        }
      ]
    },
    {
      "mode": "data",
      "type": "vsphere_virtual_machine",
      "name": "mysql_template",
      "provider": "provider[\"registry.terraform.io/hashicorp/vsphere\"]",
      "instances": [
        {
          "schema_version": 0,
          "attributes": {
            "alternate_guest_name": "",
            "annotation": "",
            "boot_delay": 0,
            "boot_retry_delay": 10000,
            "boot_retry_enabled": false,
            "change_version": "2021-06-11T07:04:52.947361Z",
            "cpu_hot_add_enabled": false,
            "cpu_hot_remove_enabled": false,
            "cpu_limit": -1,
            "cpu_performance_counters_enabled": false,
            "cpu_reservation": 0,
            "cpu_share_count": 2000,
            "cpu_share_level": "normal",
            "datacenter_id": "datacenter-2",
            "disks": [
              {
                "eagerly_scrub": true,
                "label": "Hard disk 1",
                "size": 32,
                "thin_provisioned": false,
                "unit_number": 0
              }
            ],
            "efi_secure_boot_enabled": true,
            "enable_disk_uuid": false,
            "enable_logging": true,
            "ept_rvi_mode": "automatic",
            "extra_config": {},
            "firmware": "efi",
            "guest_id": "centos8_64Guest",
            "guest_ip_addresses": [],
            "hardware_version": 14,
            "hv_mode": "hvAuto",
            "id": "422fd575-0bfb-52ff-5f8f-9d90d4f91afb",
            "ide_controller_scan_count": 2,
            "latency_sensitivity": "normal",
            "memory": 2048,
            "memory_hot_add_enabled": false,
            "memory_limit": -1,
            "memory_reservation": 0,
            "memory_share_count": 20480,
            "memory_share_level": "normal",
            "name": "CentOS8-MySQL-Template",
            "nested_hv_enabled": false,
            "network_interface_types": [
              "vmxnet3"
            ],
            "num_cores_per_socket": 1,
            "num_cpus": 2,
            "run_tools_scripts_after_power_on": true,
            "run_tools_scripts_after_resume": true,
            "run_tools_scripts_before_guest_reboot": false,
            "run_tools_scripts_before_guest_shutdown": true,
            "run_tools_scripts_before_guest_standby": true,
            "sata_controller_scan_count": 0,
            "scsi_bus_sharing": "noSharing",
            "scsi_controller_scan_count": 1,
            "scsi_type": "pvscsi",
            "storage_policy_id": null,
            "swap_placement_policy": "inherit",
            "sync_time_with_host": false,
            "uuid": "422fd575-0bfb-52ff-5f8f-9d90d4f91afb",
            "vapp": null,
            "vapp_transport": []
          },
          "sensitive_attributes": []
        }
      ]
    },
    {
      "mode": "managed",
      "type": "aci_application_epg",
      "name": "database_epg",
      "provider": "provider[\"registry.terraform.io/ciscodevnet/aci\"]",
      "instances": [
        {
          "schema_version": 1,
          "attributes": {
            "annotation": "orchestrator:terraform",
            "application_profile_dn": "uni/tn-dzza-test-app1/ap-DZZA_demo_app",
            "description": "EPG for databases",
            "exception_tag": "",
            "flood_on_encap": "disabled",
            "fwd_ctrl": "",
            "has_mcast_source": "no",
            "id": "uni/tn-dzza-test-app1/ap-DZZA_demo_app/epg-databases",
            "is_attr_based_epg": "no",
            "match_t": "AtleastOne",
            "name": "databases",
            "name_alias": "",
            "pc_enf_pref": "unenforced",
            "pref_gr_memb": "exclude",
            "prio": "unspecified",
            "relation_fv_rs_aepg_mon_pol": "",
            "relation_fv_rs_bd": "uni/tn-dzza-test-app1/BD-vm",
            "relation_fv_rs_cons": null,
            "relation_fv_rs_cons_if": null,
            "relation_fv_rs_cust_qos_pol": null,
            "relation_fv_rs_dpp_pol": "",
            "relation_fv_rs_fc_path_att": null,
            "relation_fv_rs_graph_def": null,
            "relation_fv_rs_intra_epg": null,
            "relation_fv_rs_node_att": null,
            "relation_fv_rs_prot_by": null,
            "relation_fv_rs_prov": null,
            "relation_fv_rs_prov_def": null,
            "relation_fv_rs_sec_inherited": null,
            "relation_fv_rs_trust_ctrl": "",
            "shutdown": "no"
          },
          "sensitive_attributes": [],
          "private": "eyJzY2hlbWFfdmVyc2lvbiI6IjEifQ==",
          "dependencies": [
            "aci_application_profile.app_profile",
            "aci_bridge_domain.bd_for_databases",
            "aci_tenant.application_vm_tenant",
            "aci_vrf.vrf_for_demo_app",
            "data.external.secrets"
          ]
        }
      ]
    },
    {
      "mode": "managed",
      "type": "aci_application_profile",
      "name": "app_profile",
      "provider": "provider[\"registry.terraform.io/ciscodevnet/aci\"]",
      "instances": [
        {
          "schema_version": 1,
          "attributes": {
            "annotation": "orchestrator:terraform",
            "description": "",
            "id": "uni/tn-dzza-test-app1/ap-DZZA_demo_app",
            "name": "DZZA_demo_app",
            "name_alias": "",
            "prio": "unspecified",
            "relation_fv_rs_ap_mon_pol": "",
            "tenant_dn": "uni/tn-dzza-test-app1"
          },
          "sensitive_attributes": [],
          "private": "eyJzY2hlbWFfdmVyc2lvbiI6IjEifQ==",
          "dependencies": [
            "aci_tenant.application_vm_tenant",
            "data.external.secrets"
          ]
        }
      ]
    },
    {
      "mode": "managed",
      "type": "aci_bridge_domain",
      "name": "bd_for_databases",
      "provider": "provider[\"registry.terraform.io/ciscodevnet/aci\"]",
      "instances": [
        {
          "schema_version": 1,
          "attributes": {
            "annotation": "orchestrator:terraform",
            "arp_flood": "no",
            "bridge_domain_type": "regular",
            "description": "This bridge domain is created by the Terraform ACI provider",
            "ep_clear": "no",
            "ep_move_detect_mode": "",
            "host_based_routing": "no",
            "id": "uni/tn-dzza-test-app1/BD-vm",
            "intersite_bum_traffic_allow": "no",
            "intersite_l2_stretch": "no",
            "ip_learning": "yes",
            "ipv6_mcast_allow": "no",
            "limit_ip_learn_to_subnets": "yes",
            "ll_addr": "::",
            "mac": "00:22:BD:F8:19:FF",
            "mcast_allow": "no",
            "multi_dst_pkt_act": "bd-flood",
            "name": "vm",
            "name_alias": "",
            "optimize_wan_bandwidth": "no",
            "relation_fv_rs_abd_pol_mon_pol": "",
            "relation_fv_rs_bd_flood_to": null,
            "relation_fv_rs_bd_to_ep_ret": null,
            "relation_fv_rs_bd_to_fhs": "",
            "relation_fv_rs_bd_to_nd_p": null,
            "relation_fv_rs_bd_to_netflow_monitor_pol": [],
            "relation_fv_rs_bd_to_out": null,
            "relation_fv_rs_bd_to_profile": "",
            "relation_fv_rs_bd_to_relay_p": "",
            "relation_fv_rs_ctx": "uni/tn-dzza-test-app1/ctx-vm",
            "relation_fv_rs_igmpsn": null,
            "relation_fv_rs_mldsn": null,
            "tenant_dn": "uni/tn-dzza-test-app1",
            "unicast_route": "yes",
            "unk_mac_ucast_act": "proxy",
            "unk_mcast_act": "flood",
            "v6unk_mcast_act": "flood",
            "vmac": "not-applicable"
          },
          "sensitive_attributes": [],
          "private": "eyJzY2hlbWFfdmVyc2lvbiI6IjEifQ==",
          "dependencies": [
            "aci_tenant.application_vm_tenant",
            "aci_vrf.vrf_for_demo_app",
            "data.external.secrets"
          ]
        }
      ]
    },
    {
      "mode": "managed",
      "type": "aci_contract",
      "name": "database_access_from",
      "provider": "provider[\"registry.terraform.io/ciscodevnet/aci\"]",
      "instances": [
        {
          "schema_version": 1,
          "attributes": {
            "annotation": "orchestrator:terraform",
            "description": "",
            "filter": [
              {
                "annotation": "tag_filter",
                "description": "first filter from contract resource",
                "filter_entry": [
                  {
                    "apply_to_frag": "no",
                    "arp_opc": "unspecified",
                    "d_from_port": "",
                    "d_to_port": "",
                    "entry_annotation": "",
                    "entry_description": "mysql",
                    "entry_name_alias": "",
                    "ether_t": "ipv4",
                    "filter_entry_name": "mysql",
                    "icmpv4_t": "unspecified",
                    "icmpv6_t": "unspecified",
                    "id": "uni/tn-CCC-MD/flt-database_access/e-mysql",
                    "match_dscp": "unspecified",
                    "prot": "tcp",
                    "s_from_port": "unspecified",
                    "s_to_port": "unspecified",
                    "stateful": "no",
                    "tcp_rules": ""
                  },
                  {
                    "apply_to_frag": "no",
                    "arp_opc": "unspecified",
                    "d_from_port": "",
                    "d_to_port": "",
                    "entry_annotation": "",
                    "entry_description": "mongodb",
                    "entry_name_alias": "",
                    "ether_t": "ipv4",
                    "filter_entry_name": "mongodb",
                    "icmpv4_t": "unspecified",
                    "icmpv6_t": "unspecified",
                    "id": "uni/tn-CCC-MD/flt-database_access/e-mongodb",
                    "match_dscp": "unspecified",
                    "prot": "tcp",
                    "s_from_port": "unspecified",
                    "s_to_port": "unspecified",
                    "stateful": "no",
                    "tcp_rules": ""
                  },
                  {
                    "apply_to_frag": "no",
                    "arp_opc": "unspecified",
                    "d_from_port": "0",
                    "d_to_port": "0",
                    "entry_annotation": "",
                    "entry_description": "icmp",
                    "entry_name_alias": "",
                    "ether_t": "ip",
                    "filter_entry_name": "icmp",
                    "icmpv4_t": "unspecified",
                    "icmpv6_t": "unspecified",
                    "id": "uni/tn-CCC-MD/flt-database_access/e-icmp",
                    "match_dscp": "unspecified",
                    "prot": "icmp",
                    "s_from_port": "unspecified",
                    "s_to_port": "unspecified",
                    "stateful": "no",
                    "tcp_rules": ""
                  }
                ],
                "filter_name": "database_access",
                "id": "uni/tn-CCC-MD/flt-database_access",
                "name_alias": ""
              }
            ],
            "filter_entry_ids": [
              "uni/tn-CCC-MD/flt-database_access/e-mysql",
              "uni/tn-CCC-MD/flt-database_access/e-mongodb",
              "uni/tn-CCC-MD/flt-database_access/e-icmp"
            ],
            "filter_ids": [
              "uni/tn-CCC-MD/flt-database_access"
            ],
            "id": "uni/tn-CCC-MD/brc-database_contract_from",
            "name": "database_contract_from",
            "name_alias": "",
            "prio": "unspecified",
            "relation_vz_rs_graph_att": "",
            "scope": "global",
            "target_dscp": "unspecified",
            "tenant_dn": "uni/tn-CCC-MD"
          },
          "sensitive_attributes": [],
          "private": "eyJzY2hlbWFfdmVyc2lvbiI6IjEifQ==",
          "dependencies": [
            "data.aci_tenant.k8s_cluster_tenant",
            "data.external.secrets"
          ]
        }
      ]
    },
    {
      "mode": "managed",
      "type": "aci_contract",
      "name": "database_access_to",
      "provider": "provider[\"registry.terraform.io/ciscodevnet/aci\"]",
      "instances": [
        {
          "schema_version": 1,
          "attributes": {
            "annotation": "orchestrator:terraform",
            "description": "",
            "filter": [
              {
                "annotation": "tag_filter",
                "description": "first filter from contract resource",
                "filter_entry": [
                  {
                    "apply_to_frag": "no",
                    "arp_opc": "unspecified",
                    "d_from_port": "",
                    "d_to_port": "",
                    "entry_annotation": "",
                    "entry_description": "mysql",
                    "entry_name_alias": "",
                    "ether_t": "ipv4",
                    "filter_entry_name": "mysql",
                    "icmpv4_t": "unspecified",
                    "icmpv6_t": "unspecified",
                    "id": "uni/tn-dzza-test-app1/flt-database_access/e-mysql",
                    "match_dscp": "unspecified",
                    "prot": "tcp",
                    "s_from_port": "unspecified",
                    "s_to_port": "unspecified",
                    "stateful": "no",
                    "tcp_rules": ""
                  },
                  {
                    "apply_to_frag": "no",
                    "arp_opc": "unspecified",
                    "d_from_port": "",
                    "d_to_port": "",
                    "entry_annotation": "",
                    "entry_description": "mongodb",
                    "entry_name_alias": "",
                    "ether_t": "ipv4",
                    "filter_entry_name": "mongodb",
                    "icmpv4_t": "unspecified",
                    "icmpv6_t": "unspecified",
                    "id": "uni/tn-dzza-test-app1/flt-database_access/e-mongodb",
                    "match_dscp": "unspecified",
                    "prot": "tcp",
                    "s_from_port": "unspecified",
                    "s_to_port": "unspecified",
                    "stateful": "no",
                    "tcp_rules": ""
                  },
                  {
                    "apply_to_frag": "no",
                    "arp_opc": "unspecified",
                    "d_from_port": "0",
                    "d_to_port": "0",
                    "entry_annotation": "",
                    "entry_description": "icmp",
                    "entry_name_alias": "",
                    "ether_t": "ip",
                    "filter_entry_name": "icmp",
                    "icmpv4_t": "unspecified",
                    "icmpv6_t": "unspecified",
                    "id": "uni/tn-dzza-test-app1/flt-database_access/e-icmp",
                    "match_dscp": "unspecified",
                    "prot": "icmp",
                    "s_from_port": "unspecified",
                    "s_to_port": "unspecified",
                    "stateful": "no",
                    "tcp_rules": ""
                  }
                ],
                "filter_name": "database_access",
                "id": "uni/tn-dzza-test-app1/flt-database_access",
                "name_alias": ""
              }
            ],
            "filter_entry_ids": [
              "uni/tn-dzza-test-app1/flt-database_access/e-mysql",
              "uni/tn-dzza-test-app1/flt-database_access/e-mongodb",
              "uni/tn-dzza-test-app1/flt-database_access/e-icmp"
            ],
            "filter_ids": [
              "uni/tn-dzza-test-app1/flt-database_access"
            ],
            "id": "uni/tn-dzza-test-app1/brc-database_contract_to",
            "name": "database_contract_to",
            "name_alias": "",
            "prio": "unspecified",
            "relation_vz_rs_graph_att": "",
            "scope": "global",
            "target_dscp": "unspecified",
            "tenant_dn": "uni/tn-dzza-test-app1"
          },
          "sensitive_attributes": [],
          "private": "eyJzY2hlbWFfdmVyc2lvbiI6IjEifQ==",
          "dependencies": [
            "aci_tenant.application_vm_tenant",
            "data.external.secrets"
          ]
        }
      ]
    },
    {
      "mode": "managed",
      "type": "aci_contract_subject",
      "name": "database_access_from",
      "provider": "provider[\"registry.terraform.io/ciscodevnet/aci\"]",
      "instances": [
        {
          "schema_version": 1,
          "attributes": {
            "annotation": "orchestrator:terraform",
            "cons_match_t": "AtleastOne",
            "contract_dn": "uni/tn-CCC-MD/brc-database_contract_from",
            "description": "",
            "id": "uni/tn-CCC-MD/brc-database_contract_from/subj-database_contract_from",
            "name": "database_contract_from",
            "name_alias": "",
            "prio": "unspecified",
            "prov_match_t": "AtleastOne",
            "relation_vz_rs_sdwan_pol": "",
            "relation_vz_rs_subj_filt_att": [
              "uni/tn-CCC-MD/flt-database_access"
            ],
            "relation_vz_rs_subj_graph_att": "",
            "rev_flt_ports": "yes",
            "target_dscp": "unspecified"
          },
          "sensitive_attributes": [],
          "private": "eyJzY2hlbWFfdmVyc2lvbiI6IjEifQ==",
          "dependencies": [
            "aci_contract.database_access_from",
            "data.aci_tenant.k8s_cluster_tenant",
            "data.external.secrets"
          ]
        }
      ]
    },
    {
      "mode": "managed",
      "type": "aci_contract_subject",
      "name": "database_access_to",
      "provider": "provider[\"registry.terraform.io/ciscodevnet/aci\"]",
      "instances": [
        {
          "schema_version": 1,
          "attributes": {
            "annotation": "orchestrator:terraform",
            "cons_match_t": "AtleastOne",
            "contract_dn": "uni/tn-dzza-test-app1/brc-database_contract_to",
            "description": "",
            "id": "uni/tn-dzza-test-app1/brc-database_contract_to/subj-database_contract_to",
            "name": "database_contract_to",
            "name_alias": "",
            "prio": "unspecified",
            "prov_match_t": "AtleastOne",
            "relation_vz_rs_sdwan_pol": "",
            "relation_vz_rs_subj_filt_att": [
              "uni/tn-dzza-test-app1/flt-database_access"
            ],
            "relation_vz_rs_subj_graph_att": "",
            "rev_flt_ports": "yes",
            "target_dscp": "unspecified"
          },
          "sensitive_attributes": [],
          "private": "eyJzY2hlbWFfdmVyc2lvbiI6IjEifQ==",
          "dependencies": [
            "aci_contract.database_access_to",
            "aci_tenant.application_vm_tenant",
            "data.external.secrets"
          ]
        }
      ]
    },
    {
      "mode": "managed",
      "type": "aci_epg_to_contract",
      "name": "database_access_from_provider",
      "provider": "provider[\"registry.terraform.io/ciscodevnet/aci\"]",
      "instances": [
        {
          "schema_version": 1,
          "attributes": {
            "annotation": "orchestrator:terraform",
            "application_epg_dn": "uni/tn-CCC-MD/ap-CCC50/epg-CCC-MGMT",
            "contract_dn": "uni/tn-CCC-MD/brc-database_contract_from",
            "contract_type": "provider",
            "description": null,
            "id": "uni/tn-CCC-MD/ap-CCC50/epg-CCC-MGMT/rsprov-database_contract_from",
            "match_t": "AtleastOne",
            "prio": "unspecified"
          },
          "sensitive_attributes": [],
          "private": "eyJzY2hlbWFfdmVyc2lvbiI6IjEifQ==",
          "dependencies": [
            "aci_contract.database_access_from",
            "data.aci_application_epg.k8s_cluster_epg",
            "data.aci_tenant.k8s_cluster_tenant",
            "data.external.secrets"
          ]
        }
      ]
    },
    {
      "mode": "managed",
      "type": "aci_epg_to_contract",
      "name": "database_access_to_provider",
      "provider": "provider[\"registry.terraform.io/ciscodevnet/aci\"]",
      "instances": [
        {
          "schema_version": 1,
          "attributes": {
            "annotation": "orchestrator:terraform",
            "application_epg_dn": "uni/tn-dzza-test-app1/ap-DZZA_demo_app/epg-databases",
            "contract_dn": "uni/tn-dzza-test-app1/brc-database_contract_to",
            "contract_type": "provider",
            "description": null,
            "id": "uni/tn-dzza-test-app1/ap-DZZA_demo_app/epg-databases/rsprov-database_contract_to",
            "match_t": "AtleastOne",
            "prio": "unspecified"
          },
          "sensitive_attributes": [],
          "private": "eyJzY2hlbWFfdmVyc2lvbiI6IjEifQ==",
          "dependencies": [
            "aci_application_epg.database_epg",
            "aci_application_profile.app_profile",
            "aci_bridge_domain.bd_for_databases",
            "aci_contract.database_access_to",
            "aci_tenant.application_vm_tenant",
            "aci_vrf.vrf_for_demo_app",
            "data.external.secrets"
          ]
        }
      ]
    },
    {
      "mode": "managed",
      "type": "aci_epg_to_domain",
      "name": "vmm_domain_to_epg",
      "provider": "provider[\"registry.terraform.io/ciscodevnet/aci\"]",
      "instances": [
        {
          "schema_version": 1,
          "attributes": {
            "annotation": "orchestrator:terraform",
            "application_epg_dn": "uni/tn-dzza-test-app1/ap-DZZA_demo_app/epg-databases",
            "binding_type": "none",
            "class_pref": "encap",
            "delimiter": "",
            "description": null,
            "encap": "unknown",
            "encap_mode": "auto",
            "epg_cos": "Cos0",
            "epg_cos_pref": "disabled",
            "id": "uni/tn-dzza-test-app1/ap-DZZA_demo_app/epg-databases/rsdomAtt-[uni/vmmp-VMware/dom-DZZA_switch]",
            "instr_imedcy": "lazy",
            "lag_policy_name": "",
            "netflow_dir": "both",
            "netflow_pref": "disabled",
            "num_ports": "0",
            "port_allocation": "none",
            "primary_encap": "unknown",
            "primary_encap_inner": "unknown",
            "res_imedcy": "lazy",
            "secondary_encap_inner": "unknown",
            "switching_mode": "native",
            "tdn": "uni/vmmp-VMware/dom-DZZA_switch",
            "vmm_allow_promiscuous": "accept",
            "vmm_forged_transmits": "reject",
            "vmm_id": "uni/tn-dzza-test-app1/ap-DZZA_demo_app/epg-databases/rsdomAtt-[uni/vmmp-VMware/dom-DZZA_switch]/sec",
            "vmm_mac_changes": "accept"
          },
          "sensitive_attributes": [],
          "private": "eyJzY2hlbWFfdmVyc2lvbiI6IjEifQ==",
          "dependencies": [
            "aci_application_epg.database_epg",
            "aci_application_profile.app_profile",
            "aci_bridge_domain.bd_for_databases",
            "aci_tenant.application_vm_tenant",
            "aci_vrf.vrf_for_demo_app",
            "data.external.secrets"
          ]
        }
      ]
    },
    {
      "mode": "managed",
      "type": "aci_rest",
      "name": "database_access_contract_from_export",
      "provider": "provider[\"registry.terraform.io/ciscodevnet/aci\"]",
      "instances": [
        {
          "schema_version": 1,
          "attributes": {
            "class_name": null,
            "content": null,
            "dn": null,
            "id": "{}",
            "path": "/api/node/mo/uni/tn-dzza-test-app1/cif-database_contract_from.json",
            "payload": "  {\n    \"vzCPIf\": {\n      \"attributes\": {\n        \"dn\": \"uni/tn-dzza-test-app1/cif-database_contract_from\",\n        \"name\": \"database_contract_from\",\n        \"status\": \"created,modified\"\n      },\n      \"children\": [\n        {\n          \"vzRsIf\": {\n            \"attributes\": {\n              \"tDn\": \"uni/tn-CCC-MD/brc-database_contract_from\",\n              \"status\": \"created,modified\"\n            },\n            \"children\": []\n          }\n        }\n      ]\n    }\n  }\n"
          },
          "sensitive_attributes": [],
          "private": "eyJzY2hlbWFfdmVyc2lvbiI6IjEifQ==",
          "dependencies": [
            "aci_contract.database_access_from",
            "aci_epg_to_contract.database_access_from_provider",
            "data.aci_application_epg.k8s_cluster_epg",
            "data.aci_tenant.k8s_cluster_tenant",
            "data.external.secrets"
          ]
        }
      ]
    },
    {
      "mode": "managed",
      "type": "aci_rest",
      "name": "database_access_contract_from_interface_consume",
      "provider": "provider[\"registry.terraform.io/ciscodevnet/aci\"]",
      "instances": [
        {
          "schema_version": 1,
          "attributes": {
            "class_name": null,
            "content": null,
            "dn": null,
            "id": "{}",
            "path": "/api/node/mo/uni/tn-dzza-test-app1/ap-DZZA_demo_app/epg-databases.json",
            "payload": "{\n  \"fvRsConsIf\": {\n    \"attributes\": {\n      \"tnVzCPIfName\": \"database_contract_from\",\n      \"status\": \"created,modified\"\n    },\n    \"children\": []\n  }\n}\n"
          },
          "sensitive_attributes": [],
          "private": "eyJzY2hlbWFfdmVyc2lvbiI6IjEifQ==",
          "dependencies": [
            "aci_contract.database_access_from",
            "aci_epg_to_contract.database_access_from_provider",
            "aci_rest.database_access_contract_from_export",
            "data.aci_application_epg.k8s_cluster_epg",
            "data.aci_tenant.k8s_cluster_tenant",
            "data.external.secrets",
            "null_resource.delay2"
          ]
        }
      ]
    },
    {
      "mode": "managed",
      "type": "aci_rest",
      "name": "database_access_contract_to_export",
      "provider": "provider[\"registry.terraform.io/ciscodevnet/aci\"]",
      "instances": [
        {
          "schema_version": 1,
          "attributes": {
            "class_name": null,
            "content": null,
            "dn": null,
            "id": "{}",
            "path": "/api/node/mo/uni/tn-CCC-MD/cif-database_contract_to.json",
            "payload": "  {\n    \"vzCPIf\": {\n      \"attributes\": {\n        \"dn\": \"uni/tn-CCC-MD/cif-database_contract_to\",\n        \"name\": \"database_contract_to\",\n        \"status\": \"created,modified\"\n      },\n      \"children\": [\n        {\n          \"vzRsIf\": {\n            \"attributes\": {\n              \"tDn\": \"uni/tn-dzza-test-app1/brc-database_contract_to\",\n              \"status\": \"created,modified\"\n            },\n            \"children\": []\n          }\n        }\n      ]\n    }\n  }\n"
          },
          "sensitive_attributes": [],
          "private": "eyJzY2hlbWFfdmVyc2lvbiI6IjEifQ==",
          "dependencies": [
            "aci_contract.database_access_to",
            "aci_tenant.application_vm_tenant",
            "data.external.secrets"
          ]
        }
      ]
    },
    {
      "mode": "managed",
      "type": "aci_rest",
      "name": "database_access_contract_to_interface_consume",
      "provider": "provider[\"registry.terraform.io/ciscodevnet/aci\"]",
      "instances": [
        {
          "schema_version": 1,
          "attributes": {
            "class_name": null,
            "content": null,
            "dn": null,
            "id": "{}",
            "path": "/api/node/mo/uni/tn-CCC-MD/ap-CCC50/epg-CCC-MGMT.json",
            "payload": "{\n  \"fvRsConsIf\": {\n    \"attributes\": {\n      \"tnVzCPIfName\": \"database_contract_to\",\n      \"status\": \"created,modified\"\n    },\n    \"children\": []\n  }\n}\n"
          },
          "sensitive_attributes": [],
          "private": "eyJzY2hlbWFfdmVyc2lvbiI6IjEifQ==",
          "dependencies": [
            "aci_contract.database_access_to",
            "aci_rest.database_access_contract_to_export",
            "aci_tenant.application_vm_tenant",
            "data.external.secrets"
          ]
        }
      ]
    },
    {
      "mode": "managed",
      "type": "aci_subnet",
      "name": "application_vm_subnet",
      "provider": "provider[\"registry.terraform.io/ciscodevnet/aci\"]",
      "instances": [
        {
          "schema_version": 1,
          "attributes": {
            "annotation": "orchestrator:terraform",
            "ctrl": "nd",
            "description": "This subject is created by Terraform v3",
            "id": "uni/tn-dzza-test-app1/BD-vm/subnet-[10.133.30.1/24]",
            "ip": "10.133.30.1/24",
            "name_alias": "",
            "parent_dn": "uni/tn-dzza-test-app1/BD-vm",
            "preferred": "no",
            "relation_fv_rs_bd_subnet_to_out": null,
            "relation_fv_rs_bd_subnet_to_profile": "",
            "relation_fv_rs_nd_pfx_pol": "",
            "scope": "shared",
            "virtual": "no"
          },
          "sensitive_attributes": [],
          "private": "eyJzY2hlbWFfdmVyc2lvbiI6IjEifQ==",
          "dependencies": [
            "aci_bridge_domain.bd_for_databases",
            "aci_tenant.application_vm_tenant",
            "aci_vrf.vrf_for_demo_app",
            "data.external.secrets"
          ]
        }
      ]
    },
    {
      "mode": "managed",
      "type": "aci_tenant",
      "name": "application_vm_tenant",
      "provider": "provider[\"registry.terraform.io/ciscodevnet/aci\"]",
      "instances": [
        {
          "schema_version": 1,
          "attributes": {
            "annotation": "orchestrator:terraform",
            "description": "Application tenant dzza-test-app1",
            "id": "uni/tn-dzza-test-app1",
            "name": "dzza-test-app1",
            "name_alias": "",
            "relation_fv_rs_tenant_mon_pol": null,
            "relation_fv_rs_tn_deny_rule": null
          },
          "sensitive_attributes": [],
          "private": "eyJzY2hlbWFfdmVyc2lvbiI6IjEifQ==",
          "dependencies": [
            "data.external.secrets"
          ]
        }
      ]
    },
    {
      "mode": "managed",
      "type": "aci_vrf",
      "name": "vrf_for_demo_app",
      "provider": "provider[\"registry.terraform.io/ciscodevnet/aci\"]",
      "instances": [
        {
          "schema_version": 1,
          "attributes": {
            "annotation": "orchestrator:terraform",
            "bd_enforced_enable": "no",
            "description": "",
            "id": "uni/tn-dzza-test-app1/ctx-vm",
            "ip_data_plane_learning": "enabled",
            "knw_mcast_act": "permit",
            "name": "vm",
            "name_alias": "",
            "pc_enf_dir": "ingress",
            "pc_enf_pref": "enforced",
            "relation_fv_rs_bgp_ctx_pol": null,
            "relation_fv_rs_ctx_mcast_to": null,
            "relation_fv_rs_ctx_mon_pol": "",
            "relation_fv_rs_ctx_to_bgp_ctx_af_pol": [],
            "relation_fv_rs_ctx_to_eigrp_ctx_af_pol": [],
            "relation_fv_rs_ctx_to_ep_ret": null,
            "relation_fv_rs_ctx_to_ext_route_tag_pol": null,
            "relation_fv_rs_ctx_to_ospf_ctx_pol": [],
            "relation_fv_rs_ospf_ctx_pol": null,
            "relation_fv_rs_vrf_validation_pol": null,
            "tenant_dn": "uni/tn-dzza-test-app1"
          },
          "sensitive_attributes": [],
          "private": "eyJzY2hlbWFfdmVyc2lvbiI6IjEifQ==",
          "dependencies": [
            "aci_tenant.application_vm_tenant",
            "data.external.secrets"
          ]
        }
      ]
    },
    {
      "mode": "managed",
      "type": "kubectl_manifest",
      "name": "inventory-deployment",
      "provider": "provider[\"registry.terraform.io/gavinbunney/kubectl\"]",
      "instances": [
        {
          "schema_version": 0,
          "attributes": {
            "api_version": "apps/v1",
            "force_new": false,
            "id": "/apis/apps/v1/namespaces/dzza-test-app1/deployments/inventory",
            "ignore_fields": null,
            "kind": "Deployment",
            "live_manifest_incluster": "apiVersion=apps/v1,kind=Deployment,metadata.labels.app=dzza-test-app1,metadata.labels.x-tech-type=java,metadata.name=inventory,metadata.namespace=dzza-test-app1,spec.replicas=1,spec.selector.matchLabels.app=appd-demo,spec.template.metadata.labels.app=appd-demo,spec.template.metadata.labels.tier=inventory,spec.template.metadata.labels.x-tech-type=java,spec.template.spec.containers.#=1,spec.template.spec.containers.0.env.#=8,spec.template.spec.containers.0.env.0.name=APPDYNAMICS_JAVA_AGENT_REUSE_NODE_NAME_PREFIX,spec.template.spec.containers.0.env.0.value=inventory,spec.template.spec.containers.0.env.1.name=APPDYNAMICS_JAVA_AGENT_REUSE_NODE_NAME,spec.template.spec.containers.0.env.1.value=true,spec.template.spec.containers.0.env.2.name=APPDYNAMICS_NETVIZ_AGENT_HOST,spec.template.spec.containers.0.env.2.valueFrom.fieldRef.fieldPath=status.hostIP,spec.template.spec.containers.0.env.3.name=APPDYNAMICS_NETVIZ_AGENT_PORT,spec.template.spec.containers.0.env.3.value=3892,spec.template.spec.containers.0.env.4.name=APPDYNAMICS_AGENT_TIER_NAME,spec.template.spec.containers.0.env.4.value=Inventory,spec.template.spec.containers.0.env.5.name=WITH_MYSQL,spec.template.spec.containers.0.env.5.value=true,spec.template.spec.containers.0.env.6.name=STSH_MYSQL_HOST,spec.template.spec.containers.0.env.6.value=mysql.dzza-test-app1.svc.cluster.local,spec.template.spec.containers.0.env.7.name=STSH_MYSQL_PORT,spec.template.spec.containers.0.env.7.value=3308,spec.template.spec.containers.0.image=chrlic/inventory-ai:latest,spec.template.spec.containers.0.imagePullPolicy=IfNotPresent,spec.template.spec.containers.0.name=inventory,spec.template.spec.containers.0.ports.#=1,spec.template.spec.containers.0.ports.0.containerPort=4567,spec.template.spec.imagePullSecrets.#=1,spec.template.spec.imagePullSecrets.0.name=regcred",
            "live_resource_version": "71722012",
            "live_uid": "34381101-2c25-4e1a-9f8f-3324fbfc962d",
            "name": "inventory",
            "namespace": "dzza-test-app1",
            "override_namespace": null,
            "resource_version": "71721897",
            "sensitive_fields": null,
            "timeouts": null,
            "uid": "34381101-2c25-4e1a-9f8f-3324fbfc962d",
            "validate_schema": true,
            "wait": null,
            "wait_for_rollout": true,
            "yaml_body": "apiVersion: apps/v1 # for versions before 1.9.0 use apps/v1beta2\nkind: Deployment\nmetadata:\n  name: inventory\n  namespace: dzza-test-app1\n  labels:\n    app: dzza-test-app1\n    x-tech-type: java\nspec:\n  selector:\n    matchLabels:\n      app: appd-demo\n  replicas: 1\n  template:\n    metadata:\n      labels:\n        app: appd-demo\n        tier: inventory\n        x-tech-type: java\n    spec:\n      containers:\n      - name: inventory\n        image: chrlic/inventory-ai:latest\n        ports:\n        - containerPort: 4567\n        imagePullPolicy: IfNotPresent\n        env:\n          - name: APPDYNAMICS_JAVA_AGENT_REUSE_NODE_NAME_PREFIX\n            value: \"inventory\"\n          - name: APPDYNAMICS_JAVA_AGENT_REUSE_NODE_NAME\n            value: \"true\"\n          - name: APPDYNAMICS_NETVIZ_AGENT_HOST\n            valueFrom:\n              fieldRef:\n                fieldPath: status.hostIP\n          - name: APPDYNAMICS_NETVIZ_AGENT_PORT\n            value: \"3892\"\n          - name: APPDYNAMICS_AGENT_TIER_NAME\n            value: \"Inventory\"\n          - name: WITH_MYSQL\n            value: \"true\"\n          - name: STSH_MYSQL_HOST\n            value: \"mysql.dzza-test-app1.svc.cluster.local\"\n          - name: STSH_MYSQL_PORT\n            value: \"3308\"\n      imagePullSecrets:\n        - name: regcred\n",
            "yaml_body_parsed": "apiVersion: apps/v1\nkind: Deployment\nmetadata:\n  labels:\n    app: dzza-test-app1\n    x-tech-type: java\n  name: inventory\n  namespace: dzza-test-app1\nspec:\n  replicas: 1\n  selector:\n    matchLabels:\n      app: appd-demo\n  template:\n    metadata:\n      labels:\n        app: appd-demo\n        tier: inventory\n        x-tech-type: java\n    spec:\n      containers:\n      - env:\n        - name: APPDYNAMICS_JAVA_AGENT_REUSE_NODE_NAME_PREFIX\n          value: inventory\n        - name: APPDYNAMICS_JAVA_AGENT_REUSE_NODE_NAME\n          value: \"true\"\n        - name: APPDYNAMICS_NETVIZ_AGENT_HOST\n          valueFrom:\n            fieldRef:\n              fieldPath: status.hostIP\n        - name: APPDYNAMICS_NETVIZ_AGENT_PORT\n          value: \"3892\"\n        - name: APPDYNAMICS_AGENT_TIER_NAME\n          value: Inventory\n        - name: WITH_MYSQL\n          value: \"true\"\n        - name: STSH_MYSQL_HOST\n          value: mysql.dzza-test-app1.svc.cluster.local\n        - name: STSH_MYSQL_PORT\n          value: \"3308\"\n        image: chrlic/inventory-ai:latest\n        imagePullPolicy: IfNotPresent\n        name: inventory\n        ports:\n        - containerPort: 4567\n      imagePullSecrets:\n      - name: regcred\n",
            "yaml_incluster": "apiVersion=apps/v1,kind=Deployment,metadata.labels.app=dzza-test-app1,metadata.labels.x-tech-type=java,metadata.name=inventory,metadata.namespace=dzza-test-app1,spec.replicas=1,spec.selector.matchLabels.app=appd-demo,spec.template.metadata.labels.app=appd-demo,spec.template.metadata.labels.tier=inventory,spec.template.metadata.labels.x-tech-type=java,spec.template.spec.containers.#=1,spec.template.spec.containers.0.env.#=8,spec.template.spec.containers.0.env.0.name=APPDYNAMICS_JAVA_AGENT_REUSE_NODE_NAME_PREFIX,spec.template.spec.containers.0.env.0.value=inventory,spec.template.spec.containers.0.env.1.name=APPDYNAMICS_JAVA_AGENT_REUSE_NODE_NAME,spec.template.spec.containers.0.env.1.value=true,spec.template.spec.containers.0.env.2.name=APPDYNAMICS_NETVIZ_AGENT_HOST,spec.template.spec.containers.0.env.2.valueFrom.fieldRef.fieldPath=status.hostIP,spec.template.spec.containers.0.env.3.name=APPDYNAMICS_NETVIZ_AGENT_PORT,spec.template.spec.containers.0.env.3.value=3892,spec.template.spec.containers.0.env.4.name=APPDYNAMICS_AGENT_TIER_NAME,spec.template.spec.containers.0.env.4.value=Inventory,spec.template.spec.containers.0.env.5.name=WITH_MYSQL,spec.template.spec.containers.0.env.5.value=true,spec.template.spec.containers.0.env.6.name=STSH_MYSQL_HOST,spec.template.spec.containers.0.env.6.value=mysql.dzza-test-app1.svc.cluster.local,spec.template.spec.containers.0.env.7.name=STSH_MYSQL_PORT,spec.template.spec.containers.0.env.7.value=3308,spec.template.spec.containers.0.image=chrlic/inventory-ai:latest,spec.template.spec.containers.0.imagePullPolicy=IfNotPresent,spec.template.spec.containers.0.name=inventory,spec.template.spec.containers.0.ports.#=1,spec.template.spec.containers.0.ports.0.containerPort=4567,spec.template.spec.imagePullSecrets.#=1,spec.template.spec.imagePullSecrets.0.name=regcred"
          },
          "sensitive_attributes": [],
          "private": "eyJlMmJmYjczMC1lY2FhLTExZTYtOGY4OC0zNDM2M2JjN2M0YzAiOnsiY3JlYXRlIjo2MDAwMDAwMDAwMDB9fQ=="
        }
      ]
    },
    {
      "mode": "managed",
      "type": "kubectl_manifest",
      "name": "inventory-service",
      "provider": "provider[\"registry.terraform.io/gavinbunney/kubectl\"]",
      "instances": [
        {
          "schema_version": 0,
          "attributes": {
            "api_version": "v1",
            "force_new": false,
            "id": "/api/v1/namespaces/dzza-test-app1/services/inventory",
            "ignore_fields": null,
            "kind": "Service",
            "live_manifest_incluster": "apiVersion=v1,kind=Service,metadata.name=inventory,metadata.namespace=dzza-test-app1,spec.ports.#=1,spec.ports.0.port=8100,spec.ports.0.protocol=TCP,spec.ports.0.targetPort=4567,spec.selector.app=appd-demo,spec.selector.tier=inventory,spec.type=LoadBalancer",
            "live_resource_version": "71721956",
            "live_uid": "64e2e93c-1684-43e0-af97-d9cdd28d64f8",
            "name": "inventory",
            "namespace": "dzza-test-app1",
            "override_namespace": null,
            "resource_version": "71721956",
            "sensitive_fields": null,
            "timeouts": null,
            "uid": "64e2e93c-1684-43e0-af97-d9cdd28d64f8",
            "validate_schema": true,
            "wait": null,
            "wait_for_rollout": true,
            "yaml_body": "apiVersion: v1\nkind: Service\nmetadata:\n  name: inventory\n  namespace: dzza-test-app1\nspec:\n  selector:\n    app: appd-demo\n    tier: inventory\n  ports:\n    - protocol: TCP\n      port: 8100\n      targetPort: 4567\n  type: LoadBalancer\n",
            "yaml_body_parsed": "apiVersion: v1\nkind: Service\nmetadata:\n  name: inventory\n  namespace: dzza-test-app1\nspec:\n  ports:\n  - port: 8100\n    protocol: TCP\n    targetPort: 4567\n  selector:\n    app: appd-demo\n    tier: inventory\n  type: LoadBalancer\n",
            "yaml_incluster": "apiVersion=v1,kind=Service,metadata.name=inventory,metadata.namespace=dzza-test-app1,spec.ports.#=1,spec.ports.0.port=8100,spec.ports.0.protocol=TCP,spec.ports.0.targetPort=4567,spec.selector.app=appd-demo,spec.selector.tier=inventory,spec.type=LoadBalancer"
          },
          "sensitive_attributes": [],
          "private": "eyJlMmJmYjczMC1lY2FhLTExZTYtOGY4OC0zNDM2M2JjN2M0YzAiOnsiY3JlYXRlIjo2MDAwMDAwMDAwMDB9fQ=="
        }
      ]
    },
    {
      "mode": "managed",
      "type": "kubectl_manifest",
      "name": "mysql-deployment",
      "provider": "provider[\"registry.terraform.io/gavinbunney/kubectl\"]",
      "instances": [
        {
          "schema_version": 0,
          "attributes": {
            "api_version": "apps/v1",
            "force_new": false,
            "id": "/apis/apps/v1/namespaces/dzza-test-app1/deployments/mysql",
            "ignore_fields": null,
            "kind": "Deployment",
            "live_manifest_incluster": "apiVersion=apps/v1,kind=Deployment,metadata.labels.name=mysql,metadata.name=mysql,metadata.namespace=dzza-test-app1,spec.replicas=1,spec.selector.matchLabels.app=appd-demo,spec.template.metadata.labels.app=appd-demo,spec.template.metadata.labels.tier=mysql,spec.template.spec.containers.#=1,spec.template.spec.containers.0.env.#=4,spec.template.spec.containers.0.env.0.name=MYSQL_ROOT_PASSWORD,spec.template.spec.containers.0.env.0.value=Passw0rd.,spec.template.spec.containers.0.env.1.name=MYSQL_DATABASE,spec.template.spec.containers.0.env.1.value=Inventory,spec.template.spec.containers.0.env.2.name=MYSQL_USER,spec.template.spec.containers.0.env.2.value=inventory,spec.template.spec.containers.0.env.3.name=MYSQL_PASSWORD,spec.template.spec.containers.0.env.3.value=Passw0rd,spec.template.spec.containers.0.image=chrlic/mysql,spec.template.spec.containers.0.imagePullPolicy=IfNotPresent,spec.template.spec.containers.0.name=mysql,spec.template.spec.containers.0.ports.#=1,spec.template.spec.containers.0.ports.0.containerPort=3306,spec.template.spec.imagePullSecrets.#=1,spec.template.spec.imagePullSecrets.0.name=regcred",
            "live_resource_version": "71722030",
            "live_uid": "293bb73e-55e6-499d-8bd0-ab35c5e6fe45",
            "name": "mysql",
            "namespace": "dzza-test-app1",
            "override_namespace": null,
            "resource_version": "71721919",
            "sensitive_fields": null,
            "timeouts": null,
            "uid": "293bb73e-55e6-499d-8bd0-ab35c5e6fe45",
            "validate_schema": true,
            "wait": null,
            "wait_for_rollout": true,
            "yaml_body": "apiVersion: apps/v1\nkind: Deployment\nmetadata:\n  labels:\n    name: mysql\n  name: mysql\n  namespace: dzza-test-app1\nspec:\n  selector:\n    matchLabels:\n      app: appd-demo\n  replicas: 1\n  template:\n    metadata:\n      labels:\n        app: appd-demo\n        tier: mysql\n    spec:\n      containers:\n      - image: chrlic/mysql\n        name: mysql\n        imagePullPolicy: IfNotPresent\n        ports:\n        - containerPort: 3306\n        env:\n          - name: MYSQL_ROOT_PASSWORD\n            value: \"Passw0rd.\"\n          - name: MYSQL_DATABASE\n            value: \"Inventory\"\n          - name: MYSQL_USER\n            value: \"inventory\"\n          - name: MYSQL_PASSWORD\n            value: \"Passw0rd\"\n      imagePullSecrets:\n        - name: regcred\n",
            "yaml_body_parsed": "apiVersion: apps/v1\nkind: Deployment\nmetadata:\n  labels:\n    name: mysql\n  name: mysql\n  namespace: dzza-test-app1\nspec:\n  replicas: 1\n  selector:\n    matchLabels:\n      app: appd-demo\n  template:\n    metadata:\n      labels:\n        app: appd-demo\n        tier: mysql\n    spec:\n      containers:\n      - env:\n        - name: MYSQL_ROOT_PASSWORD\n          value: Passw0rd.\n        - name: MYSQL_DATABASE\n          value: Inventory\n        - name: MYSQL_USER\n          value: inventory\n        - name: MYSQL_PASSWORD\n          value: Passw0rd\n        image: chrlic/mysql\n        imagePullPolicy: IfNotPresent\n        name: mysql\n        ports:\n        - containerPort: 3306\n      imagePullSecrets:\n      - name: regcred\n",
            "yaml_incluster": "apiVersion=apps/v1,kind=Deployment,metadata.labels.name=mysql,metadata.name=mysql,metadata.namespace=dzza-test-app1,spec.replicas=1,spec.selector.matchLabels.app=appd-demo,spec.template.metadata.labels.app=appd-demo,spec.template.metadata.labels.tier=mysql,spec.template.spec.containers.#=1,spec.template.spec.containers.0.env.#=4,spec.template.spec.containers.0.env.0.name=MYSQL_ROOT_PASSWORD,spec.template.spec.containers.0.env.0.value=Passw0rd.,spec.template.spec.containers.0.env.1.name=MYSQL_DATABASE,spec.template.spec.containers.0.env.1.value=Inventory,spec.template.spec.containers.0.env.2.name=MYSQL_USER,spec.template.spec.containers.0.env.2.value=inventory,spec.template.spec.containers.0.env.3.name=MYSQL_PASSWORD,spec.template.spec.containers.0.env.3.value=Passw0rd,spec.template.spec.containers.0.image=chrlic/mysql,spec.template.spec.containers.0.imagePullPolicy=IfNotPresent,spec.template.spec.containers.0.name=mysql,spec.template.spec.containers.0.ports.#=1,spec.template.spec.containers.0.ports.0.containerPort=3306,spec.template.spec.imagePullSecrets.#=1,spec.template.spec.imagePullSecrets.0.name=regcred"
          },
          "sensitive_attributes": [],
          "private": "eyJlMmJmYjczMC1lY2FhLTExZTYtOGY4OC0zNDM2M2JjN2M0YzAiOnsiY3JlYXRlIjo2MDAwMDAwMDAwMDB9fQ=="
        }
      ]
    },
    {
      "mode": "managed",
      "type": "kubectl_manifest",
      "name": "mysql-service",
      "provider": "provider[\"registry.terraform.io/gavinbunney/kubectl\"]",
      "instances": [
        {
          "schema_version": 0,
          "attributes": {
            "api_version": "v1",
            "force_new": false,
            "id": "/api/v1/namespaces/dzza-test-app1/services/mysql",
            "ignore_fields": null,
            "kind": "Service",
            "live_manifest_incluster": "apiVersion=v1,kind=Service,metadata.name=mysql,metadata.namespace=dzza-test-app1,spec.ports.#=1,spec.ports.0.port=3308,spec.ports.0.protocol=TCP,spec.ports.0.targetPort=3306,spec.selector.app=appd-demo,spec.selector.tier=mysql,spec.type=LoadBalancer",
            "live_resource_version": "71721898",
            "live_uid": "5e9439a0-7af2-41bb-9a0c-ee93aac85a7e",
            "name": "mysql",
            "namespace": "dzza-test-app1",
            "override_namespace": null,
            "resource_version": "71721898",
            "sensitive_fields": null,
            "timeouts": null,
            "uid": "5e9439a0-7af2-41bb-9a0c-ee93aac85a7e",
            "validate_schema": true,
            "wait": null,
            "wait_for_rollout": true,
            "yaml_body": "apiVersion: v1\nkind: Service\nmetadata:\n  name: mysql\n  namespace: dzza-test-app1\nspec:\n  selector:\n    app: appd-demo\n    tier: mysql\n  ports:\n    - protocol: TCP\n      port: 3308\n      targetPort: 3306\n  type: LoadBalancer\n",
            "yaml_body_parsed": "apiVersion: v1\nkind: Service\nmetadata:\n  name: mysql\n  namespace: dzza-test-app1\nspec:\n  ports:\n  - port: 3308\n    protocol: TCP\n    targetPort: 3306\n  selector:\n    app: appd-demo\n    tier: mysql\n  type: LoadBalancer\n",
            "yaml_incluster": "apiVersion=v1,kind=Service,metadata.name=mysql,metadata.namespace=dzza-test-app1,spec.ports.#=1,spec.ports.0.port=3308,spec.ports.0.protocol=TCP,spec.ports.0.targetPort=3306,spec.selector.app=appd-demo,spec.selector.tier=mysql,spec.type=LoadBalancer"
          },
          "sensitive_attributes": [],
          "private": "eyJlMmJmYjczMC1lY2FhLTExZTYtOGY4OC0zNDM2M2JjN2M0YzAiOnsiY3JlYXRlIjo2MDAwMDAwMDAwMDB9fQ=="
        }
      ]
    },
    {
      "mode": "managed",
      "type": "kubectl_manifest",
      "name": "orders-deployment",
      "provider": "provider[\"registry.terraform.io/gavinbunney/kubectl\"]",
      "instances": [
        {
          "schema_version": 0,
          "attributes": {
            "api_version": "apps/v1",
            "force_new": false,
            "id": "/apis/apps/v1/namespaces/dzza-test-app1/deployments/orders",
            "ignore_fields": null,
            "kind": "Deployment",
            "live_manifest_incluster": "apiVersion=apps/v1,kind=Deployment,metadata.labels.app=dzza-test-app1,metadata.labels.x-tech-type=java,metadata.name=orders,metadata.namespace=dzza-test-app1,spec.replicas=1,spec.selector.matchLabels.app=appd-demo,spec.template.metadata.labels.app=appd-demo,spec.template.metadata.labels.tier=orders,spec.template.spec.containers.#=1,spec.template.spec.containers.0.env.#=7,spec.template.spec.containers.0.env.0.name=APPDYNAMICS_JAVA_AGENT_REUSE_NODE_NAME_PREFIX,spec.template.spec.containers.0.env.0.value=orders,spec.template.spec.containers.0.env.1.name=APPDYNAMICS_JAVA_AGENT_REUSE_NODE_NAME,spec.template.spec.containers.0.env.1.value=true,spec.template.spec.containers.0.env.2.name=APPDYNAMICS_NETVIZ_AGENT_HOST,spec.template.spec.containers.0.env.2.valueFrom.fieldRef.fieldPath=status.hostIP,spec.template.spec.containers.0.env.3.name=APPDYNAMICS_NETVIZ_AGENT_PORT,spec.template.spec.containers.0.env.3.value=3892,spec.template.spec.containers.0.env.4.name=APPDYNAMICS_AGENT_TIER_NAME,spec.template.spec.containers.0.env.4.value=Orders,spec.template.spec.containers.0.env.5.name=WITH_MONGO,spec.template.spec.containers.0.env.5.value=true,spec.template.spec.containers.0.env.6.name=STSH_MONGO_HOST,spec.template.spec.containers.0.env.6.value=10.133.30.12,spec.template.spec.containers.0.image=chrlic/orders-ai:latest,spec.template.spec.containers.0.imagePullPolicy=IfNotPresent,spec.template.spec.containers.0.name=orders,spec.template.spec.containers.0.ports.#=1,spec.template.spec.containers.0.ports.0.containerPort=4567,spec.template.spec.imagePullSecrets.#=1,spec.template.spec.imagePullSecrets.0.name=regcred",
            "live_resource_version": "71722017",
            "live_uid": "c14bfa99-76f8-4618-9a91-c5db89a149c7",
            "name": "orders",
            "namespace": "dzza-test-app1",
            "override_namespace": null,
            "resource_version": "71721910",
            "sensitive_fields": null,
            "timeouts": null,
            "uid": "c14bfa99-76f8-4618-9a91-c5db89a149c7",
            "validate_schema": true,
            "wait": null,
            "wait_for_rollout": true,
            "yaml_body": "apiVersion: apps/v1 # for versions before 1.9.0 use apps/v1beta2\nkind: Deployment\nmetadata:\n  name: orders\n  namespace: dzza-test-app1\n  labels:\n    app: dzza-test-app1\n    x-tech-type: java\nspec:\n  selector:\n    matchLabels:\n      app: appd-demo\n  replicas: 1\n  template:\n    metadata:\n      labels:\n        app: appd-demo\n        tier: orders\n    spec:\n      containers:\n      - name: orders\n        image: chrlic/orders-ai:latest\n        ports:\n        - containerPort: 4567\n        imagePullPolicy: IfNotPresent\n        env:\n          - name: APPDYNAMICS_JAVA_AGENT_REUSE_NODE_NAME_PREFIX\n            value: \"orders\"\n          - name: APPDYNAMICS_JAVA_AGENT_REUSE_NODE_NAME\n            value: \"true\"\n          - name: APPDYNAMICS_NETVIZ_AGENT_HOST\n            valueFrom:\n              fieldRef:\n                fieldPath: status.hostIP\n          - name: APPDYNAMICS_NETVIZ_AGENT_PORT\n            value: \"3892\"\n          - name: APPDYNAMICS_AGENT_TIER_NAME\n            value: \"Orders\"\n          - name: WITH_MONGO\n            value: \"true\"\n          - name: STSH_MONGO_HOST\n            value: \"10.133.30.12\"\n      imagePullSecrets:\n        - name: regcred\n",
            "yaml_body_parsed": "apiVersion: apps/v1\nkind: Deployment\nmetadata:\n  labels:\n    app: dzza-test-app1\n    x-tech-type: java\n  name: orders\n  namespace: dzza-test-app1\nspec:\n  replicas: 1\n  selector:\n    matchLabels:\n      app: appd-demo\n  template:\n    metadata:\n      labels:\n        app: appd-demo\n        tier: orders\n    spec:\n      containers:\n      - env:\n        - name: APPDYNAMICS_JAVA_AGENT_REUSE_NODE_NAME_PREFIX\n          value: orders\n        - name: APPDYNAMICS_JAVA_AGENT_REUSE_NODE_NAME\n          value: \"true\"\n        - name: APPDYNAMICS_NETVIZ_AGENT_HOST\n          valueFrom:\n            fieldRef:\n              fieldPath: status.hostIP\n        - name: APPDYNAMICS_NETVIZ_AGENT_PORT\n          value: \"3892\"\n        - name: APPDYNAMICS_AGENT_TIER_NAME\n          value: Orders\n        - name: WITH_MONGO\n          value: \"true\"\n        - name: STSH_MONGO_HOST\n          value: 10.133.30.12\n        image: chrlic/orders-ai:latest\n        imagePullPolicy: IfNotPresent\n        name: orders\n        ports:\n        - containerPort: 4567\n      imagePullSecrets:\n      - name: regcred\n",
            "yaml_incluster": "apiVersion=apps/v1,kind=Deployment,metadata.labels.app=dzza-test-app1,metadata.labels.x-tech-type=java,metadata.name=orders,metadata.namespace=dzza-test-app1,spec.replicas=1,spec.selector.matchLabels.app=appd-demo,spec.template.metadata.labels.app=appd-demo,spec.template.metadata.labels.tier=orders,spec.template.spec.containers.#=1,spec.template.spec.containers.0.env.#=7,spec.template.spec.containers.0.env.0.name=APPDYNAMICS_JAVA_AGENT_REUSE_NODE_NAME_PREFIX,spec.template.spec.containers.0.env.0.value=orders,spec.template.spec.containers.0.env.1.name=APPDYNAMICS_JAVA_AGENT_REUSE_NODE_NAME,spec.template.spec.containers.0.env.1.value=true,spec.template.spec.containers.0.env.2.name=APPDYNAMICS_NETVIZ_AGENT_HOST,spec.template.spec.containers.0.env.2.valueFrom.fieldRef.fieldPath=status.hostIP,spec.template.spec.containers.0.env.3.name=APPDYNAMICS_NETVIZ_AGENT_PORT,spec.template.spec.containers.0.env.3.value=3892,spec.template.spec.containers.0.env.4.name=APPDYNAMICS_AGENT_TIER_NAME,spec.template.spec.containers.0.env.4.value=Orders,spec.template.spec.containers.0.env.5.name=WITH_MONGO,spec.template.spec.containers.0.env.5.value=true,spec.template.spec.containers.0.env.6.name=STSH_MONGO_HOST,spec.template.spec.containers.0.env.6.value=10.133.30.12,spec.template.spec.containers.0.image=chrlic/orders-ai:latest,spec.template.spec.containers.0.imagePullPolicy=IfNotPresent,spec.template.spec.containers.0.name=orders,spec.template.spec.containers.0.ports.#=1,spec.template.spec.containers.0.ports.0.containerPort=4567,spec.template.spec.imagePullSecrets.#=1,spec.template.spec.imagePullSecrets.0.name=regcred"
          },
          "sensitive_attributes": [],
          "private": "eyJlMmJmYjczMC1lY2FhLTExZTYtOGY4OC0zNDM2M2JjN2M0YzAiOnsiY3JlYXRlIjo2MDAwMDAwMDAwMDB9fQ=="
        }
      ]
    },
    {
      "mode": "managed",
      "type": "kubectl_manifest",
      "name": "orders-service",
      "provider": "provider[\"registry.terraform.io/gavinbunney/kubectl\"]",
      "instances": [
        {
          "schema_version": 0,
          "attributes": {
            "api_version": "v1",
            "force_new": false,
            "id": "/api/v1/namespaces/dzza-test-app1/services/orders",
            "ignore_fields": null,
            "kind": "Service",
            "live_manifest_incluster": "apiVersion=v1,kind=Service,metadata.name=orders,metadata.namespace=dzza-test-app1,spec.ports.#=1,spec.ports.0.port=8101,spec.ports.0.protocol=TCP,spec.ports.0.targetPort=4567,spec.selector.app=appd-demo,spec.selector.tier=orders,spec.type=LoadBalancer",
            "live_resource_version": "71721932",
            "live_uid": "11a4dc42-ff49-4600-ad38-b3df3ae7fd44",
            "name": "orders",
            "namespace": "dzza-test-app1",
            "override_namespace": null,
            "resource_version": "71721932",
            "sensitive_fields": null,
            "timeouts": null,
            "uid": "11a4dc42-ff49-4600-ad38-b3df3ae7fd44",
            "validate_schema": true,
            "wait": null,
            "wait_for_rollout": true,
            "yaml_body": "apiVersion: v1\nkind: Service\nmetadata:\n  name: orders\n  namespace: dzza-test-app1\nspec:\n  selector:\n    app: appd-demo\n    tier: orders\n  ports:\n    - protocol: TCP\n      port: 8101\n      targetPort: 4567\n  type: LoadBalancer\n",
            "yaml_body_parsed": "apiVersion: v1\nkind: Service\nmetadata:\n  name: orders\n  namespace: dzza-test-app1\nspec:\n  ports:\n  - port: 8101\n    protocol: TCP\n    targetPort: 4567\n  selector:\n    app: appd-demo\n    tier: orders\n  type: LoadBalancer\n",
            "yaml_incluster": "apiVersion=v1,kind=Service,metadata.name=orders,metadata.namespace=dzza-test-app1,spec.ports.#=1,spec.ports.0.port=8101,spec.ports.0.protocol=TCP,spec.ports.0.targetPort=4567,spec.selector.app=appd-demo,spec.selector.tier=orders,spec.type=LoadBalancer"
          },
          "sensitive_attributes": [],
          "private": "eyJlMmJmYjczMC1lY2FhLTExZTYtOGY4OC0zNDM2M2JjN2M0YzAiOnsiY3JlYXRlIjo2MDAwMDAwMDAwMDB9fQ=="
        }
      ]
    },
    {
      "mode": "managed",
      "type": "kubectl_manifest",
      "name": "restapi-deployment",
      "provider": "provider[\"registry.terraform.io/gavinbunney/kubectl\"]",
      "instances": [
        {
          "schema_version": 0,
          "attributes": {
            "api_version": "apps/v1",
            "force_new": false,
            "id": "/apis/apps/v1/namespaces/dzza-test-app1/deployments/restapi",
            "ignore_fields": null,
            "kind": "Deployment",
            "live_manifest_incluster": "apiVersion=apps/v1,kind=Deployment,metadata.labels.app=dzza-test-app1,metadata.labels.x-tech-type=java,metadata.name=restapi,metadata.namespace=dzza-test-app1,spec.replicas=1,spec.selector.matchLabels.app=appd-demo,spec.template.metadata.labels.app=appd-demo,spec.template.metadata.labels.tier=restapi,spec.template.spec.containers.#=1,spec.template.spec.containers.0.env.#=9,spec.template.spec.containers.0.env.0.name=APPDYNAMICS_JAVA_AGENT_REUSE_NODE_NAME_PREFIX,spec.template.spec.containers.0.env.0.value=restapi,spec.template.spec.containers.0.env.1.name=APPDYNAMICS_JAVA_AGENT_REUSE_NODE_NAME,spec.template.spec.containers.0.env.1.value=true,spec.template.spec.containers.0.env.2.name=APPDYNAMICS_NETVIZ_AGENT_HOST,spec.template.spec.containers.0.env.2.valueFrom.fieldRef.fieldPath=status.hostIP,spec.template.spec.containers.0.env.3.name=APPDYNAMICS_NETVIZ_AGENT_PORT,spec.template.spec.containers.0.env.3.value=3892,spec.template.spec.containers.0.env.4.name=APPDYNAMICS_AGENT_TIER_NAME,spec.template.spec.containers.0.env.4.value=RestAPI,spec.template.spec.containers.0.env.5.name=STSH_ORDERS_HOST,spec.template.spec.containers.0.env.5.value=orders.dzza-test-app1.svc.cluster.local,spec.template.spec.containers.0.env.6.name=STSH_ORDERS_PORT,spec.template.spec.containers.0.env.6.value=8101,spec.template.spec.containers.0.env.7.name=STSH_INVENTORY_HOST,spec.template.spec.containers.0.env.7.value=inventory.dzza-test-app1.svc.cluster.local,spec.template.spec.containers.0.env.8.name=STSH_INVENTORY_PORT,spec.template.spec.containers.0.env.8.value=8100,spec.template.spec.containers.0.image=chrlic/restapi-ai:latest,spec.template.spec.containers.0.imagePullPolicy=IfNotPresent,spec.template.spec.containers.0.name=restapi,spec.template.spec.containers.0.ports.#=1,spec.template.spec.containers.0.ports.0.containerPort=4567,spec.template.spec.imagePullSecrets.#=1,spec.template.spec.imagePullSecrets.0.name=regcred",
            "live_resource_version": "71722024",
            "live_uid": "cab745d2-875c-4d01-ba9c-7da2f87cb614",
            "name": "restapi",
            "namespace": "dzza-test-app1",
            "override_namespace": null,
            "resource_version": "71721920",
            "sensitive_fields": null,
            "timeouts": null,
            "uid": "cab745d2-875c-4d01-ba9c-7da2f87cb614",
            "validate_schema": true,
            "wait": null,
            "wait_for_rollout": true,
            "yaml_body": "apiVersion: apps/v1 # for versions before 1.9.0 use apps/v1beta2\nkind: Deployment\nmetadata:\n  name: restapi\n  namespace: dzza-test-app1\n  labels:\n    app: dzza-test-app1\n    x-tech-type: java\nspec:\n  selector:\n    matchLabels:\n      app: appd-demo\n  replicas: 1\n  template:\n    metadata:\n      labels:\n        app: appd-demo\n        tier: restapi\n    spec:\n      containers:\n      - name: restapi\n        image: chrlic/restapi-ai:latest\n        ports:\n        - containerPort: 4567\n        imagePullPolicy: IfNotPresent\n        env:\n          - name: APPDYNAMICS_JAVA_AGENT_REUSE_NODE_NAME_PREFIX\n            value: \"restapi\"\n          - name: APPDYNAMICS_JAVA_AGENT_REUSE_NODE_NAME\n            value: \"true\"\n          - name: APPDYNAMICS_NETVIZ_AGENT_HOST\n            valueFrom:\n              fieldRef:\n                fieldPath: status.hostIP\n          - name: APPDYNAMICS_NETVIZ_AGENT_PORT\n            value: \"3892\"\n          - name: APPDYNAMICS_AGENT_TIER_NAME\n            value: \"RestAPI\"\n          - name: STSH_ORDERS_HOST\n            value: \"orders.dzza-test-app1.svc.cluster.local\"\n          - name: STSH_ORDERS_PORT\n            value: \"8101\"\n          - name: STSH_INVENTORY_HOST\n            value: \"inventory.dzza-test-app1.svc.cluster.local\"\n          - name: STSH_INVENTORY_PORT\n            value: \"8100\"\n      imagePullSecrets:\n        - name: regcred\n",
            "yaml_body_parsed": "apiVersion: apps/v1\nkind: Deployment\nmetadata:\n  labels:\n    app: dzza-test-app1\n    x-tech-type: java\n  name: restapi\n  namespace: dzza-test-app1\nspec:\n  replicas: 1\n  selector:\n    matchLabels:\n      app: appd-demo\n  template:\n    metadata:\n      labels:\n        app: appd-demo\n        tier: restapi\n    spec:\n      containers:\n      - env:\n        - name: APPDYNAMICS_JAVA_AGENT_REUSE_NODE_NAME_PREFIX\n          value: restapi\n        - name: APPDYNAMICS_JAVA_AGENT_REUSE_NODE_NAME\n          value: \"true\"\n        - name: APPDYNAMICS_NETVIZ_AGENT_HOST\n          valueFrom:\n            fieldRef:\n              fieldPath: status.hostIP\n        - name: APPDYNAMICS_NETVIZ_AGENT_PORT\n          value: \"3892\"\n        - name: APPDYNAMICS_AGENT_TIER_NAME\n          value: RestAPI\n        - name: STSH_ORDERS_HOST\n          value: orders.dzza-test-app1.svc.cluster.local\n        - name: STSH_ORDERS_PORT\n          value: \"8101\"\n        - name: STSH_INVENTORY_HOST\n          value: inventory.dzza-test-app1.svc.cluster.local\n        - name: STSH_INVENTORY_PORT\n          value: \"8100\"\n        image: chrlic/restapi-ai:latest\n        imagePullPolicy: IfNotPresent\n        name: restapi\n        ports:\n        - containerPort: 4567\n      imagePullSecrets:\n      - name: regcred\n",
            "yaml_incluster": "apiVersion=apps/v1,kind=Deployment,metadata.labels.app=dzza-test-app1,metadata.labels.x-tech-type=java,metadata.name=restapi,metadata.namespace=dzza-test-app1,spec.replicas=1,spec.selector.matchLabels.app=appd-demo,spec.template.metadata.labels.app=appd-demo,spec.template.metadata.labels.tier=restapi,spec.template.spec.containers.#=1,spec.template.spec.containers.0.env.#=9,spec.template.spec.containers.0.env.0.name=APPDYNAMICS_JAVA_AGENT_REUSE_NODE_NAME_PREFIX,spec.template.spec.containers.0.env.0.value=restapi,spec.template.spec.containers.0.env.1.name=APPDYNAMICS_JAVA_AGENT_REUSE_NODE_NAME,spec.template.spec.containers.0.env.1.value=true,spec.template.spec.containers.0.env.2.name=APPDYNAMICS_NETVIZ_AGENT_HOST,spec.template.spec.containers.0.env.2.valueFrom.fieldRef.fieldPath=status.hostIP,spec.template.spec.containers.0.env.3.name=APPDYNAMICS_NETVIZ_AGENT_PORT,spec.template.spec.containers.0.env.3.value=3892,spec.template.spec.containers.0.env.4.name=APPDYNAMICS_AGENT_TIER_NAME,spec.template.spec.containers.0.env.4.value=RestAPI,spec.template.spec.containers.0.env.5.name=STSH_ORDERS_HOST,spec.template.spec.containers.0.env.5.value=orders.dzza-test-app1.svc.cluster.local,spec.template.spec.containers.0.env.6.name=STSH_ORDERS_PORT,spec.template.spec.containers.0.env.6.value=8101,spec.template.spec.containers.0.env.7.name=STSH_INVENTORY_HOST,spec.template.spec.containers.0.env.7.value=inventory.dzza-test-app1.svc.cluster.local,spec.template.spec.containers.0.env.8.name=STSH_INVENTORY_PORT,spec.template.spec.containers.0.env.8.value=8100,spec.template.spec.containers.0.image=chrlic/restapi-ai:latest,spec.template.spec.containers.0.imagePullPolicy=IfNotPresent,spec.template.spec.containers.0.name=restapi,spec.template.spec.containers.0.ports.#=1,spec.template.spec.containers.0.ports.0.containerPort=4567,spec.template.spec.imagePullSecrets.#=1,spec.template.spec.imagePullSecrets.0.name=regcred"
          },
          "sensitive_attributes": [],
          "private": "eyJlMmJmYjczMC1lY2FhLTExZTYtOGY4OC0zNDM2M2JjN2M0YzAiOnsiY3JlYXRlIjo2MDAwMDAwMDAwMDB9fQ=="
        }
      ]
    },
    {
      "mode": "managed",
      "type": "kubectl_manifest",
      "name": "restapi-service",
      "provider": "provider[\"registry.terraform.io/gavinbunney/kubectl\"]",
      "instances": [
        {
          "schema_version": 0,
          "attributes": {
            "api_version": "v1",
            "force_new": false,
            "id": "/api/v1/namespaces/dzza-test-app1/services/restapi-service",
            "ignore_fields": null,
            "kind": "Service",
            "live_manifest_incluster": "apiVersion=v1,kind=Service,metadata.name=restapi-service,metadata.namespace=dzza-test-app1,spec.ports.#=1,spec.ports.0.port=8099,spec.ports.0.protocol=TCP,spec.ports.0.targetPort=4567,spec.selector.app=appd-demo,spec.selector.tier=restapi,spec.type=LoadBalancer",
            "live_resource_version": "71721890",
            "live_uid": "d909cfa8-c071-4c73-9f59-8008c15a45ae",
            "name": "restapi-service",
            "namespace": "dzza-test-app1",
            "override_namespace": null,
            "resource_version": "71721890",
            "sensitive_fields": null,
            "timeouts": null,
            "uid": "d909cfa8-c071-4c73-9f59-8008c15a45ae",
            "validate_schema": true,
            "wait": null,
            "wait_for_rollout": true,
            "yaml_body": "apiVersion: v1\nkind: Service\nmetadata:\n  name: restapi-service\n  namespace: dzza-test-app1\nspec:\n  selector:\n    app: appd-demo\n    tier: restapi\n  ports:\n    - protocol: TCP\n      port: 8099\n      targetPort: 4567\n  type: LoadBalancer\n",
            "yaml_body_parsed": "apiVersion: v1\nkind: Service\nmetadata:\n  name: restapi-service\n  namespace: dzza-test-app1\nspec:\n  ports:\n  - port: 8099\n    protocol: TCP\n    targetPort: 4567\n  selector:\n    app: appd-demo\n    tier: restapi\n  type: LoadBalancer\n",
            "yaml_incluster": "apiVersion=v1,kind=Service,metadata.name=restapi-service,metadata.namespace=dzza-test-app1,spec.ports.#=1,spec.ports.0.port=8099,spec.ports.0.protocol=TCP,spec.ports.0.targetPort=4567,spec.selector.app=appd-demo,spec.selector.tier=restapi,spec.type=LoadBalancer"
          },
          "sensitive_attributes": [],
          "private": "eyJlMmJmYjczMC1lY2FhLTExZTYtOGY4OC0zNDM2M2JjN2M0YzAiOnsiY3JlYXRlIjo2MDAwMDAwMDAwMDB9fQ=="
        }
      ]
    },
    {
      "mode": "managed",
      "type": "kubernetes_namespace",
      "name": "demo",
      "provider": "provider[\"registry.terraform.io/hashicorp/kubernetes\"]",
      "instances": [
        {
          "schema_version": 0,
          "attributes": {
            "id": "dzza-test-app1",
            "metadata": [
              {
                "annotations": null,
                "generate_name": "",
                "generation": 0,
                "labels": null,
                "name": "dzza-test-app1",
                "resource_version": "71721877",
                "self_link": "",
                "uid": "ac9bb6e7-8fd1-4122-bf02-d0f5614ffc4e"
              }
            ],
            "timeouts": null
          },
          "sensitive_attributes": [],
          "private": "eyJlMmJmYjczMC1lY2FhLTExZTYtOGY4OC0zNDM2M2JjN2M0YzAiOnsiZGVsZXRlIjozMDAwMDAwMDAwMDB9fQ=="
        }
      ]
    },
    {
      "mode": "managed",
      "type": "null_resource",
      "name": "delay",
      "provider": "provider[\"registry.terraform.io/hashicorp/null\"]",
      "instances": [
        {
          "schema_version": 0,
          "attributes": {
            "id": "6602880714732721583",
            "triggers": {
              "epg_db": "uni/tn-dzza-test-app1/ap-DZZA_demo_app/epg-databases"
            }
          },
          "sensitive_attributes": [],
          "private": "bnVsbA==",
          "dependencies": [
            "aci_application_epg.database_epg",
            "aci_application_profile.app_profile",
            "aci_bridge_domain.bd_for_databases",
            "aci_tenant.application_vm_tenant",
            "aci_vrf.vrf_for_demo_app",
            "data.external.secrets"
          ]
        }
      ]
    },
    {
      "mode": "managed",
      "type": "null_resource",
      "name": "delay2",
      "provider": "provider[\"registry.terraform.io/hashicorp/null\"]",
      "instances": [
        {
          "schema_version": 0,
          "attributes": {
            "id": "1896629177237164441",
            "triggers": {
              "epg_db": "{}"
            }
          },
          "sensitive_attributes": [],
          "private": "bnVsbA==",
          "dependencies": [
            "aci_contract.database_access_from",
            "aci_epg_to_contract.database_access_from_provider",
            "aci_rest.database_access_contract_from_export",
            "data.aci_application_epg.k8s_cluster_epg",
            "data.aci_tenant.k8s_cluster_tenant",
            "data.external.secrets"
          ]
        }
      ]
    },
    {
      "mode": "managed",
      "type": "null_resource",
      "name": "destroy",
      "provider": "provider[\"registry.terraform.io/hashicorp/null\"]",
      "instances": [
        {
          "schema_version": 0,
          "attributes": {
            "id": "2047377795200902097",
            "triggers": {
              "ap": "CCC50",
              "ctrct": "database_contract_to",
              "epg": "CCC-MGMT",
              "tenant": "CCC-MD",
              "url": "https://192.168.130.10/"
            }
          },
          "sensitive_attributes": [],
          "private": "bnVsbA==",
          "dependencies": [
            "aci_contract.database_access_to",
            "aci_tenant.application_vm_tenant",
            "data.external.secrets"
          ]
        }
      ]
    },
    {
      "mode": "managed",
      "type": "vsphere_virtual_machine",
      "name": "mongodb_vm",
      "provider": "provider[\"registry.terraform.io/hashicorp/vsphere\"]",
      "instances": [
        {
          "schema_version": 3,
          "attributes": {
            "alternate_guest_name": "",
            "annotation": "",
            "boot_delay": 0,
            "boot_retry_delay": 10000,
            "boot_retry_enabled": false,
            "cdrom": [],
            "change_version": "2021-09-08T12:55:36.311531Z",
            "clone": [
              {
                "customize": [
                  {
                    "dns_server_list": null,
                    "dns_suffix_list": null,
                    "ipv4_gateway": "10.133.30.1",
                    "ipv6_gateway": "",
                    "linux_options": [
                      {
                        "domain": "dzza.demo.local",
                        "host_name": "MongoDB",
                        "hw_clock_utc": true,
                        "time_zone": ""
                      }
                    ],
                    "network_interface": [
                      {
                        "dns_domain": "",
                        "dns_server_list": null,
                        "ipv4_address": "10.133.30.12",
                        "ipv4_netmask": 24,
                        "ipv6_address": "",
                        "ipv6_netmask": 0
                      }
                    ],
                    "timeout": 20,
                    "windows_options": [],
                    "windows_sysprep_text": ""
                  }
                ],
                "linked_clone": false,
                "ovf_network_map": null,
                "ovf_storage_map": null,
                "template_uuid": "422fb0cc-ca4c-ef88-c3ee-af53760e46e4",
                "timeout": 30
              }
            ],
            "cpu_hot_add_enabled": false,
            "cpu_hot_remove_enabled": false,
            "cpu_limit": -1,
            "cpu_performance_counters_enabled": false,
            "cpu_reservation": 0,
            "cpu_share_count": 2000,
            "cpu_share_level": "normal",
            "custom_attributes": null,
            "datacenter_id": null,
            "datastore_cluster_id": null,
            "datastore_id": "datastore-99",
            "default_ip_address": "10.133.30.12",
            "disk": [
              {
                "attach": false,
                "controller_type": "scsi",
                "datastore_id": "datastore-99",
                "device_address": "scsi:0:0",
                "disk_mode": "persistent",
                "disk_sharing": "sharingNone",
                "eagerly_scrub": true,
                "io_limit": -1,
                "io_reservation": 0,
                "io_share_count": 1000,
                "io_share_level": "normal",
                "keep_on_remove": false,
                "key": 2000,
                "label": "disk0",
                "name": "",
                "path": "MongoDB/MongoDB.vmdk",
                "size": 32,
                "storage_policy_id": "",
                "thin_provisioned": false,
                "unit_number": 0,
                "uuid": "6000C291-a26a-714e-0dda-d05132bda29e",
                "write_through": false
              }
            ],
            "efi_secure_boot_enabled": false,
            "enable_disk_uuid": false,
            "enable_logging": false,
            "ept_rvi_mode": "automatic",
            "extra_config": null,
            "firmware": "efi",
            "folder": "DZZA/VMs",
            "force_power_off": true,
            "guest_id": "centos8_64Guest",
            "guest_ip_addresses": [
              "10.133.30.12",
              "fe80::250:56ff:feaf:1aad"
            ],
            "hardware_version": 14,
            "host_system_id": "host-83",
            "hv_mode": "hvAuto",
            "id": "422f4d4e-e9d1-a8ed-c837-91f81053ae09",
            "ide_controller_count": 2,
            "ignored_guest_ips": null,
            "imported": null,
            "latency_sensitivity": "normal",
            "memory": 2048,
            "memory_hot_add_enabled": false,
            "memory_limit": -1,
            "memory_reservation": 0,
            "memory_share_count": 20480,
            "memory_share_level": "normal",
            "migrate_wait_timeout": 30,
            "moid": "vm-269",
            "name": "MongoDB",
            "nested_hv_enabled": false,
            "network_interface": [
              {
                "adapter_type": "vmxnet3",
                "bandwidth_limit": -1,
                "bandwidth_reservation": 0,
                "bandwidth_share_count": 50,
                "bandwidth_share_level": "normal",
                "device_address": "pci:0:7",
                "key": 4000,
                "mac_address": "00:50:56:af:1a:ad",
                "network_id": "dvportgroup-267",
                "ovf_mapping": "",
                "use_static_mac": false
              }
            ],
            "num_cores_per_socket": 1,
            "num_cpus": 2,
            "ovf_deploy": [],
            "pci_device_id": null,
            "poweron_timeout": 300,
            "reboot_required": false,
            "resource_pool_id": "resgroup-81",
            "run_tools_scripts_after_power_on": true,
            "run_tools_scripts_after_resume": true,
            "run_tools_scripts_before_guest_reboot": false,
            "run_tools_scripts_before_guest_shutdown": true,
            "run_tools_scripts_before_guest_standby": true,
            "sata_controller_count": 0,
            "scsi_bus_sharing": "noSharing",
            "scsi_controller_count": 1,
            "scsi_type": "pvscsi",
            "shutdown_wait_timeout": 3,
            "storage_policy_id": "",
            "swap_placement_policy": "inherit",
            "sync_time_with_host": false,
            "tags": null,
            "uuid": "422f4d4e-e9d1-a8ed-c837-91f81053ae09",
            "vapp": [],
            "vapp_transport": [],
            "vmware_tools_status": "guestToolsRunning",
            "vmx_path": "MongoDB/MongoDB.vmx",
            "wait_for_guest_ip_timeout": 0,
            "wait_for_guest_net_routable": true,
            "wait_for_guest_net_timeout": 5
          },
          "sensitive_attributes": [],
          "private": "eyJzY2hlbWFfdmVyc2lvbiI6IjMifQ==",
          "dependencies": [
            "aci_application_epg.database_epg",
            "aci_application_profile.app_profile",
            "aci_bridge_domain.bd_for_databases",
            "aci_tenant.application_vm_tenant",
            "aci_vrf.vrf_for_demo_app",
            "data.external.secrets",
            "data.vsphere_compute_cluster.cluster",
            "data.vsphere_datacenter.dc",
            "data.vsphere_datastore.datastore",
            "data.vsphere_network.network",
            "data.vsphere_virtual_machine.mongodb_template",
            "null_resource.delay"
          ]
        }
      ]
    },
    {
      "mode": "managed",
      "type": "vsphere_virtual_machine",
      "name": "mysql_vm",
      "provider": "provider[\"registry.terraform.io/hashicorp/vsphere\"]",
      "instances": [
        {
          "schema_version": 3,
          "attributes": {
            "alternate_guest_name": "",
            "annotation": "",
            "boot_delay": 0,
            "boot_retry_delay": 10000,
            "boot_retry_enabled": false,
            "cdrom": [],
            "change_version": "2021-09-08T12:55:38.594702Z",
            "clone": [
              {
                "customize": [
                  {
                    "dns_server_list": null,
                    "dns_suffix_list": null,
                    "ipv4_gateway": "10.133.30.1",
                    "ipv6_gateway": "",
                    "linux_options": [
                      {
                        "domain": "dzza.demo.local",
                        "host_name": "MySQL",
                        "hw_clock_utc": true,
                        "time_zone": ""
                      }
                    ],
                    "network_interface": [
                      {
                        "dns_domain": "",
                        "dns_server_list": null,
                        "ipv4_address": "10.133.30.11",
                        "ipv4_netmask": 24,
                        "ipv6_address": "",
                        "ipv6_netmask": 0
                      }
                    ],
                    "timeout": 20,
                    "windows_options": [],
                    "windows_sysprep_text": ""
                  }
                ],
                "linked_clone": false,
                "ovf_network_map": null,
                "ovf_storage_map": null,
                "template_uuid": "422fd575-0bfb-52ff-5f8f-9d90d4f91afb",
                "timeout": 30
              }
            ],
            "cpu_hot_add_enabled": false,
            "cpu_hot_remove_enabled": false,
            "cpu_limit": -1,
            "cpu_performance_counters_enabled": false,
            "cpu_reservation": 0,
            "cpu_share_count": 2000,
            "cpu_share_level": "normal",
            "custom_attributes": null,
            "datacenter_id": null,
            "datastore_cluster_id": null,
            "datastore_id": "datastore-99",
            "default_ip_address": "10.133.30.11",
            "disk": [
              {
                "attach": false,
                "controller_type": "scsi",
                "datastore_id": "datastore-99",
                "device_address": "scsi:0:0",
                "disk_mode": "persistent",
                "disk_sharing": "sharingNone",
                "eagerly_scrub": true,
                "io_limit": -1,
                "io_reservation": 0,
                "io_share_count": 1000,
                "io_share_level": "normal",
                "keep_on_remove": false,
                "key": 2000,
                "label": "disk0",
                "name": "",
                "path": "MySQL/MySQL.vmdk",
                "size": 32,
                "storage_policy_id": "",
                "thin_provisioned": false,
                "unit_number": 0,
                "uuid": "6000C293-149a-4ce4-c830-1d66a7b029b8",
                "write_through": false
              }
            ],
            "efi_secure_boot_enabled": false,
            "enable_disk_uuid": false,
            "enable_logging": false,
            "ept_rvi_mode": "automatic",
            "extra_config": null,
            "firmware": "efi",
            "folder": "DZZA/VMs",
            "force_power_off": true,
            "guest_id": "centos8_64Guest",
            "guest_ip_addresses": [
              "10.133.30.11",
              "fe80::250:56ff:feaf:834d"
            ],
            "hardware_version": 14,
            "host_system_id": "host-96",
            "hv_mode": "hvAuto",
            "id": "422fc74c-1e95-0fb1-8fc8-9d7413caba93",
            "ide_controller_count": 2,
            "ignored_guest_ips": null,
            "imported": null,
            "latency_sensitivity": "normal",
            "memory": 2048,
            "memory_hot_add_enabled": false,
            "memory_limit": -1,
            "memory_reservation": 0,
            "memory_share_count": 20480,
            "memory_share_level": "normal",
            "migrate_wait_timeout": 30,
            "moid": "vm-268",
            "name": "MySQL",
            "nested_hv_enabled": false,
            "network_interface": [
              {
                "adapter_type": "vmxnet3",
                "bandwidth_limit": -1,
                "bandwidth_reservation": 0,
                "bandwidth_share_count": 50,
                "bandwidth_share_level": "normal",
                "device_address": "pci:0:7",
                "key": 4000,
                "mac_address": "00:50:56:af:83:4d",
                "network_id": "dvportgroup-267",
                "ovf_mapping": "",
                "use_static_mac": false
              }
            ],
            "num_cores_per_socket": 1,
            "num_cpus": 2,
            "ovf_deploy": [],
            "pci_device_id": null,
            "poweron_timeout": 300,
            "reboot_required": false,
            "resource_pool_id": "resgroup-81",
            "run_tools_scripts_after_power_on": true,
            "run_tools_scripts_after_resume": true,
            "run_tools_scripts_before_guest_reboot": false,
            "run_tools_scripts_before_guest_shutdown": true,
            "run_tools_scripts_before_guest_standby": true,
            "sata_controller_count": 0,
            "scsi_bus_sharing": "noSharing",
            "scsi_controller_count": 1,
            "scsi_type": "pvscsi",
            "shutdown_wait_timeout": 3,
            "storage_policy_id": "",
            "swap_placement_policy": "inherit",
            "sync_time_with_host": false,
            "tags": null,
            "uuid": "422fc74c-1e95-0fb1-8fc8-9d7413caba93",
            "vapp": [],
            "vapp_transport": [],
            "vmware_tools_status": "guestToolsRunning",
            "vmx_path": "MySQL/MySQL.vmx",
            "wait_for_guest_ip_timeout": 0,
            "wait_for_guest_net_routable": true,
            "wait_for_guest_net_timeout": 5
          },
          "sensitive_attributes": [],
          "private": "eyJzY2hlbWFfdmVyc2lvbiI6IjMifQ==",
          "dependencies": [
            "aci_application_epg.database_epg",
            "aci_application_profile.app_profile",
            "aci_bridge_domain.bd_for_databases",
            "aci_tenant.application_vm_tenant",
            "aci_vrf.vrf_for_demo_app",
            "data.external.secrets",
            "data.vsphere_compute_cluster.cluster",
            "data.vsphere_datacenter.dc",
            "data.vsphere_datastore.datastore",
            "data.vsphere_network.network",
            "data.vsphere_virtual_machine.mysql_template",
            "null_resource.delay"
          ]
        }
      ]
    }
  ]
}
